
Microsoft Visual Studio Solution File, Format Version 12.00
# Visual Studio 15
VisualStudioVersion = 15.0.27428.2015
MinimumVisualStudioVersion = 10.0.40219.1
Project("{FAE04EC0-301F-11D3-BF4B-00C04F79EFBC}") = "Arachni-API", "Arachni-API\Arachni-API.csproj", "{86D4C946-E60B-4FC5-9768-855FED3955CA}"
EndProject
Project("{FAE04EC0-301F-11D3-BF4B-00C04F79EFBC}") = "Arachni", "Arachni\Arachni.csproj", "{FC708385-ECBC-4EFE-965C-1ADB9EFC0C8C}"
EndProject
Global
	GlobalSection(SolutionConfigurationPlatforms) = preSolution
		Debug|Any CPU = Debug|Any CPU
		Release|Any CPU = Release|Any CPU
	EndGlobalSection
	GlobalSection(ProjectConfigurationPlatforms) = postSolution
		{86D4C946-E60B-4FC5-9768-855FED3955CA}.Debug|Any CPU.ActiveCfg = Debug|Any CPU
		{86D4C946-E60B-4FC5-9768-855FED3955CA}.Debug|Any CPU.Build.0 = Debug|Any CPU
		{86D4C946-E60B-4FC5-9768-855FED3955CA}.Release|Any CPU.ActiveCfg = Release|Any CPU
		{86D4C946-E60B-4FC5-9768-855FED3955CA}.Release|Any CPU.Build.0 = Release|Any CPU
		{FC708385-ECBC-4EFE-965C-1ADB9EFC0C8C}.Debug|Any CPU.ActiveCfg = Debug|Any CPU
		{FC708385-ECBC-4EFE-965C-1ADB9EFC0C8C}.Debug|Any CPU.Build.0 = Debug|Any CPU
		{FC708385-ECBC-4EFE-965C-1ADB9EFC0C8C}.Release|Any CPU.ActiveCfg = Release|Any CPU
		{FC708385-ECBC-4EFE-965C-1ADB9EFC0C8C}.Release|Any CPU.Build.0 = Release|Any CPU
	EndGlobalSection
	GlobalSection(SolutionProperties) = preSolution
		HideSolutionNode = FALSE
	EndGlobalSection
	GlobalSection(ExtensibilityGlobals) = postSolution
		SolutionGuid = {86D2B074-778E-4931-9B89-6A2E9425A162}
	EndGlobalSection
EndGlobal
